
Microsoft Visual Studio Solution File, Format Version 12.00
# Visual Studio 2013
VisualStudioVersion = 12.0.21005.1
MinimumVisualStudioVersion = 10.0.40219.1
Project("{FAE04EC0-301F-11D3-BF4B-00C04F79EFBC}") = "BlogSampleApp", "BlogSampleApp\BlogSampleApp.csproj", "{F7997D84-30E0-40ED-A856-B4507959A417}"
EndProject
Project("{FAE04EC0-301F-11D3-BF4B-00C04F79EFBC}") = "HookIn", "HookIn\HookIn.csproj", "{8A65EEE1-9F19-4F93-8221-75CFCF502740}"
EndProject
Global
	GlobalSection(SolutionConfigurationPlatforms) = preSolution
		Debug|Any CPU = Debug|Any CPU
		Release|Any CPU = Release|Any CPU
	EndGlobalSection
	GlobalSection(ProjectConfigurationPlatforms) = postSolution
		{F7997D84-30E0-40ED-A856-B4507959A417}.Debug|Any CPU.ActiveCfg = Debug|Any CPU
		{F7997D84-30E0-40ED-A856-B4507959A417}.Debug|Any CPU.Build.0 = Debug|Any CPU
		{F7997D84-30E0-40ED-A856-B4507959A417}.Release|Any CPU.ActiveCfg = Release|Any CPU
		{F7997D84-30E0-40ED-A856-B4507959A417}.Release|Any CPU.Build.0 = Release|Any CPU
		{8A65EEE1-9F19-4F93-8221-75CFCF502740}.Debug|Any CPU.ActiveCfg = Debug|Any CPU
		{8A65EEE1-9F19-4F93-8221-75CFCF502740}.Debug|Any CPU.Build.0 = Debug|Any CPU
		{8A65EEE1-9F19-4F93-8221-75CFCF502740}.Release|Any CPU.ActiveCfg = Release|Any CPU
		{8A65EEE1-9F19-4F93-8221-75CFCF502740}.Release|Any CPU.Build.0 = Release|Any CPU
	EndGlobalSection
	GlobalSection(SolutionProperties) = preSolution
		HideSolutionNode = FALSE
	EndGlobalSection
EndGlobal
